// !$*UTF8*$!
{
	archiveVersion = 1;
	classes = {
	};
	objectVersion = 46;
	objects = {

/* Begin PBXBuildFile section */
		FC2A25561ECE211800404627 /* main.swift in Sources */ = {isa = PBXBuildFile; fileRef = FC2A25551ECE211800404627 /* main.swift */; };
		FC2A255D1ECE22D700404627 /* Factory.swift in Sources */ = {isa = PBXBuildFile; fileRef = FC2A255C1ECE22D700404627 /* Factory.swift */; };
		FC2A25601ECE26BF00404627 /* Demonstrations.swift in Sources */ = {isa = PBXBuildFile; fileRef = FC2A255F1ECE26BF00404627 /* Demonstrations.swift */; };
		FC2A25621ECE282E00404627 /* AbstractFactory.swift in Sources */ = {isa = PBXBuildFile; fileRef = FC2A25611ECE282E00404627 /* AbstractFactory.swift */; };
/* End PBXBuildFile section */

/* Begin PBXCopyFilesBuildPhase section */
		FC2A25501ECE211800404627 /* CopyFiles */ = {
			isa = PBXCopyFilesBuildPhase;
			buildActionMask = 2147483647;
			dstPath = /usr/share/man/man1/;
			dstSubfolderSpec = 0;
			files = (
			);
			runOnlyForDeploymentPostprocessing = 1;
		};
/* End PBXCopyFilesBuildPhase section */

/* Begin PBXFileReference section */
		FC2A25521ECE211800404627 /* Design Patterns */ = {isa = PBXFileReference; explicitFileType = "compiled.mach-o.executable"; includeInIndex = 0; path = "Design Patterns"; sourceTree = BUILT_PRODUCTS_DIR; };
		FC2A25551ECE211800404627 /* main.swift */ = {isa = PBXFileReference; lastKnownFileType = sourcecode.swift; path = main.swift; sourceTree = "<group>"; };
		FC2A255C1ECE22D700404627 /* Factory.swift */ = {isa = PBXFileReference; fileEncoding = 4; lastKnownFileType = sourcecode.swift; path = Factory.swift; sourceTree = "<group>"; };
		FC2A255F1ECE26BF00404627 /* Demonstrations.swift */ = {isa = PBXFileReference; fileEncoding = 4; lastKnownFileType = sourcecode.swift; path = Demonstrations.swift; sourceTree = "<group>"; };
		FC2A25611ECE282E00404627 /* AbstractFactory.swift */ = {isa = PBXFileReference; fileEncoding = 4; lastKnownFileType = sourcecode.swift; path = AbstractFactory.swift; sourceTree = "<group>"; };
/* End PBXFileReference section */

/* Begin PBXFrameworksBuildPhase section */
		FC2A254F1ECE211800404627 /* Frameworks */ = {
			isa = PBXFrameworksBuildPhase;
			buildActionMask = 2147483647;
			files = (
			);
			runOnlyForDeploymentPostprocessing = 0;
		};
/* End PBXFrameworksBuildPhase section */

/* Begin PBXGroup section */
		FC2A25491ECE211800404627 = {
			isa = PBXGroup;
			children = (
				FC2A25541ECE211800404627 /* Design Patterns */,
				FC2A25531ECE211800404627 /* Products */,
			);
			sourceTree = "<group>";
		};
		FC2A25531ECE211800404627 /* Products */ = {
			isa = PBXGroup;
			children = (
				FC2A25521ECE211800404627 /* Design Patterns */,
			);
			name = Products;
			sourceTree = "<group>";
		};
		FC2A25541ECE211800404627 /* Design Patterns */ = {
			isa = PBXGroup;
			children = (
				FC2A25551ECE211800404627 /* main.swift */,
				FC2A255F1ECE26BF00404627 /* Demonstrations.swift */,
				FC2A255E1ECE22EE00404627 /* Creational Patterns */,
			);
			path = "Design Patterns";
			sourceTree = "<group>";
		};
		FC2A255E1ECE22EE00404627 /* Creational Patterns */ = {
			isa = PBXGroup;
			children = (
				FC2A255C1ECE22D700404627 /* Factory.swift */,
				FC2A25611ECE282E00404627 /* AbstractFactory.swift */,
			);
			name = "Creational Patterns";
			sourceTree = "<group>";
		};
/* End PBXGroup section */

/* Begin PBXNativeTarget section */
		FC2A25511ECE211800404627 /* Design Patterns */ = {
			isa = PBXNativeTarget;
			buildConfigurationList = FC2A25591ECE211800404627 /* Build configuration list for PBXNativeTarget "Design Patterns" */;
			buildPhases = (
				FC2A254E1ECE211800404627 /* Sources */,
				FC2A254F1ECE211800404627 /* Frameworks */,
				FC2A25501ECE211800404627 /* CopyFiles */,
			);
			buildRules = (
			);
			dependencies = (
			);
			name = "Design Patterns";
			productName = "Design Patterns";
			productReference = FC2A25521ECE211800404627 /* Design Patterns */;
			productType = "com.apple.product-type.tool";
		};
/* End PBXNativeTarget section */

/* Begin PBXProject section */
		FC2A254A1ECE211800404627 /* Project object */ = {
			isa = PBXProject;
			attributes = {
				LastSwiftUpdateCheck = 0830;
				LastUpgradeCheck = 0830;
				ORGANIZATIONNAME = ME;
				TargetAttributes = {
					FC2A25511ECE211800404627 = {
						CreatedOnToolsVersion = 8.3.2;
						DevelopmentTeam = 9NNF93T6RM;
						ProvisioningStyle = Automatic;
					};
				};
			};
			buildConfigurationList = FC2A254D1ECE211800404627 /* Build configuration list for PBXProject "Design Patterns" */;
			compatibilityVersion = "Xcode 3.2";
			developmentRegion = English;
			hasScannedForEncodings = 0;
			knownRegions = (
				en,
			);
			mainGroup = FC2A25491ECE211800404627;
			productRefGroup = FC2A25531ECE211800404627 /* Products */;
			projectDirPath = "";
			projectRoot = "";
			targets = (
				FC2A25511ECE211800404627 /* Design Patterns */,
			);
		};
/* End PBXProject section */

/* Begin PBXSourcesBuildPhase section */
		FC2A254E1ECE211800404627 /* Sources */ = {
			isa = PBXSourcesBuildPhase;
			buildActionMask = 2147483647;
			files = (
				FC2A25621ECE282E00404627 /* AbstractFactory.swift in Sources */,
				FC2A255D1ECE22D700404627 /* Factory.swift in Sources */,
				FC2A25561ECE211800404627 /* main.swift in Sources */,
				FC2A25601ECE26BF00404627 /* Demonstrations.swift in Sources */,
			);
			runOnlyForDeploymentPostprocessing = 0;
		};
/* End PBXSourcesBuildPhase section */

/* Begin XCBuildConfiguration section */
		FC2A25571ECE211800404627 /* Debug */ = {
			isa = XCBuildConfiguration;
			buildSettings = {
				ALWAYS_SEARCH_USER_PATHS = NO;
				CLANG_ANALYZER_NONNULL = YES;
				CLANG_ANALYZER_NUMBER_OBJECT_CONVERSION = YES_AGGRESSIVE;
				CLANG_CXX_LANGUAGE_STANDARD = "gnu++0x";
				CLANG_CXX_LIBRARY = "libc++";
				CLANG_ENABLE_MODULES = YES;
				CLANG_ENABLE_OBJC_ARC = YES;
				CLANG_WARN_BOOL_CONVERSION = YES;
				CLANG_WARN_CONSTANT_CONVERSION = YES;
				CLANG_WARN_DIRECT_OBJC_ISA_USAGE = YES_ERROR;
				CLANG_WARN_DOCUMENTATION_COMMENTS = YES;
				CLANG_WARN_EMPTY_BODY = YES;
				CLANG_WARN_ENUM_CONVERSION = YES;
				CLANG_WARN_INFINITE_RECURSION = YES;
				CLANG_WARN_INT_CONVERSION = YES;
				CLANG_WARN_OBJC_ROOT_CLASS = YES_ERROR;
				CLANG_WARN_SUSPICIOUS_MOVE = YES;
				CLANG_WARN_UNREACHABLE_CODE = YES;
				CLANG_WARN__DUPLICATE_METHOD_MATCH = YES;
				CODE_SIGN_IDENTITY = "-";
				COPY_PHASE_STRIP = NO;
				DEBUG_INFORMATION_FORMAT = dwarf;
				ENABLE_STRICT_OBJC_MSGSEND = YES;
				ENABLE_TESTABILITY = YES;
				GCC_C_LANGUAGE_STANDARD = gnu99;
				GCC_DYNAMIC_NO_PIC = NO;
				GCC_NO_COMMON_BLOCKS = YES;
				GCC_OPTIMIZATION_LEVEL = 0;
				GCC_PREPROCESSOR_DEFINITIONS = (
					"DEBUG=1",
					"$(inherited)",
				);
				GCC_WARN_64_TO_32_BIT_CONVERSION = YES;
				GCC_WARN_ABOUT_RETURN_TYPE = YES_ERROR;
				GCC_WARN_UNDECLARED_SELECTOR = YES;
				GCC_WARN_UNINITIALIZED_AUTOS = YES_AGGRESSIVE;
				GCC_WARN_UNUSED_FUNCTION = YES;
				GCC_WARN_UNUSED_VARIABLE = YES;
				MACOSX_DEPLOYMENT_TARGET = 10.12;
				MTL_ENABLE_DEBUG_INFO = YES;
				ONLY_ACTIVE_ARCH = YES;
				SDKROOT = macosx;
				SWIFT_OPTIMIZATION_LEVEL = "-Onone";
			};
			name = Debug;
		};
		FC2A25581ECE211800404627 /* Release */ = {
			isa = XCBuildConfiguration;
			buildSettings = {
				ALWAYS_SEARCH_USER_PATHS = NO;
				CLANG_ANALYZER_NONNULL = YES;
				CLANG_ANALYZER_NUMBER_OBJECT_CONVERSION = YES_AGGRESSIVE;
				CLANG_CXX_LANGUAGE_STANDARD = "gnu++0x";
				CLANG_CXX_LIBRARY = "libc++";
				CLANG_ENABLE_MODULES = YES;
				CLANG_ENABLE_OBJC_ARC = YES;
				CLANG_WARN_BOOL_CONVERSION = YES;
				CLANG_WARN_CONSTANT_CONVERSION = YES;
				CLANG_WARN_DIRECT_OBJC_ISA_USAGE = YES_ERROR;
				CLANG_WARN_DOCUMENTATION_COMMENTS = YES;
				CLANG_WARN_EMPTY_BODY = YES;
				CLANG_WARN_ENUM_CONVERSION = YES;
				CLANG_WARN_INFINITE_RECURSION = YES;
				CLANG_WARN_INT_CONVERSION = YES;
				CLANG_WARN_OBJC_ROOT_CLASS = YES_ERROR;
				CLANG_WARN_SUSPICIOUS_MOVE = YES;
				CLANG_WARN_UNREACHABLE_CODE = YES;
				CLANG_WARN__DUPLICATE_METHOD_MATCH = YES;
				CODE_SIGN_IDENTITY = "-";
				COPY_PHASE_STRIP = NO;
				DEBUG_INFORMATION_FORMAT = "dwarf-with-dsym";
				ENABLE_NS_ASSERTIONS = NO;
				ENABLE_STRICT_OBJC_MSGSEND = YES;
				GCC_C_LANGUAGE_STANDARD = gnu99;
				GCC_NO_COMMON_BLOCKS = YES;
				GCC_WARN_64_TO_32_BIT_CONVERSION = YES;
				GCC_WARN_ABOUT_RETURN_TYPE = YES_ERROR;
				GCC_WARN_UNDECLARED_SELECTOR = YES;
				GCC_WARN_UNINITIALIZED_AUTOS = YES_AGGRESSIVE;
				GCC_WARN_UNUSED_FUNCTION = YES;
				GCC_WARN_UNUSED_VARIABLE = YES;
				MACOSX_DEPLOYMENT_TARGET = 10.12;
				MTL_ENABLE_DEBUG_INFO = NO;
				SDKROOT = macosx;
			};
			name = Release;
		};
		FC2A255A1ECE211800404627 /* Debug */ = {
			isa = XCBuildConfiguration;
			buildSettings = {
				DEVELOPMENT_TEAM = 9NNF93T6RM;
				PRODUCT_NAME = "$(TARGET_NAME)";
				SWIFT_VERSION = 3.0;
			};
			name = Debug;
		};
		FC2A255B1ECE211800404627 /* Release */ = {
			isa = XCBuildConfiguration;
			buildSettings = {
				DEVELOPMENT_TEAM = 9NNF93T6RM;
				PRODUCT_NAME = "$(TARGET_NAME)";
				SWIFT_VERSION = 3.0;
			};
			name = Release;
		};
/* End XCBuildConfiguration section */

/* Begin XCConfigurationList section */
		FC2A254D1ECE211800404627 /* Build configuration list for PBXProject "Design Patterns" */ = {
			isa = XCConfigurationList;
			buildConfigurations = (
				FC2A25571ECE211800404627 /* Debug */,
				FC2A25581ECE211800404627 /* Release */,
			);
			defaultConfigurationIsVisible = 0;
			defaultConfigurationName = Release;
		};
		FC2A25591ECE211800404627 /* Build configuration list for PBXNativeTarget "Design Patterns" */ = {
			isa = XCConfigurationList;
			buildConfigurations = (
				FC2A255A1ECE211800404627 /* Debug */,
				FC2A255B1ECE211800404627 /* Release */,
			);
			defaultConfigurationIsVisible = 0;
		};
/* End XCConfigurationList section */
	};
	rootObject = FC2A254A1ECE211800404627 /* Project object */;
}
